# This file is autogenerated, do not edit; changes may be undone by the next 'dep ensure'.


[[projects]]
  digest = "1:f611ce47cb176429ef44e0e5faa672112790d454895ba9f1ad09c0910aa4d4fe"
  name = "github.com/r3labs/sse"
  packages = ["."]
  pruneopts = "UT"
  revision = "243b7807c4c4025f05302a0fbbff97c27b221c45"
  version = "1.3.3"

[[projects]]
  branch = "master"
  digest = "1:76ee51c3f468493aff39dbacc401e8831fbb765104cbf613b89bef01cf4bad70"
  name = "golang.org/x/net"
  packages = ["context"]
  pruneopts = "UT"
  revision = "b774fd8d5c0f43f4a07fc5c3dd6cba5c4dc21e77"

[[projects]]
  digest = "1:4ba637038f22c9065994c0cd734118fc75e0c744f855fd3edbd3b923d1f41d44"
  name = "gopkg.in/cenkalti/backoff.v1"
  packages = ["."]
  pruneopts = "UT"
  revision = "61153c768f31ee5f130071d08fc82b85208528de"
  version = "v1.1.0"

[solve-meta]
  analyzer-name = "dep"
  analyzer-version = 1
  input-imports = ["github.com/r3labs/sse"]
  solver-name = "gps-cdcl"
  solver-version = 1
